{
  "requires": true,
  "lockfileVersion": 1,
  "dependencies": {
    "@types/long": {
      "version": "4.0.1",
      "resolved": "https://registry.npmjs.org/@types/long/-/long-4.0.1.tgz",
      "integrity": "sha512-5tXH6Bx/kNGd3MgffdmP4dy2Z+G4eaXw0SE81Tq3BNadtnMR5/ySMzX4SLEzHJzSmPNn4HIdpQsBvXMUykr58w=="
    },
    "@types/node": {
      "version": "14.11.2",
      "resolved": "https://registry.npmjs.org/@types/node/-/node-14.11.2.tgz",
      "integrity": "sha512-jiE3QIxJ8JLNcb1Ps6rDbysDhN4xa8DJJvuC9prr6w+1tIh+QAbYyNF3tyiZNLDBIuBCf4KEcV2UvQm/V60xfA=="
    },
    "adm-zip": {
      "version": "0.4.16",
      "resolved": "https://registry.npmjs.org/adm-zip/-/adm-zip-0.4.16.tgz",
      "integrity": "sha512-TFi4HBKSGfIKsK5YCkKaaFG2m4PEDyViZmEwof3MTIgzimHLto6muaHVpbrljdIvIrFZzEq/p4nafOeLcYegrg=="
    },
    "cassandra-driver": {
      "version": "4.6.0",
      "resolved": "https://registry.npmjs.org/cassandra-driver/-/cassandra-driver-4.6.0.tgz",
      "integrity": "sha512-OCYJ3Zuy2La0qf+7dfeYlG3X4C0ns1cbPu0hhpC3xyUWqTy1Ai9a4mlQjSBqbcHi51gdFB5UbS0fWJzZIY6NXw==",
      "requires": {
        "@types/long": "^4.0.0",
        "@types/node": ">=8",
        "adm-zip": "^0.4.13",
        "long": "^2.2.0"
      }
    },
    "csv": {
      "version": "5.3.2",
      "resolved": "https://registry.npmjs.org/csv/-/csv-5.3.2.tgz",
      "integrity": "sha512-odDyucr9OgJTdGM2wrMbJXbOkJx3nnUX3Pt8SFOwlAMOpsUQlz1dywvLMXJWX/4Ib0rjfOsaawuuwfI5ucqBGQ==",
      "requires": {
        "csv-generate": "^3.2.4",
        "csv-parse": "^4.8.8",
        "csv-stringify": "^5.3.6",
        "stream-transform": "^2.0.1"
      }
    },
    "csv-generate": {
      "version": "3.2.4",
      "resolved": "https://registry.npmjs.org/csv-generate/-/csv-generate-3.2.4.tgz",
      "integrity": "sha512-qNM9eqlxd53TWJeGtY1IQPj90b563Zx49eZs8e0uMyEvPgvNVmX1uZDtdzAcflB3PniuH9creAzcFOdyJ9YGvA=="
    },
    "csv-parse": {
      "version": "4.12.0",
      "resolved": "https://registry.npmjs.org/csv-parse/-/csv-parse-4.12.0.tgz",
      "integrity": "sha512-wPQl3H79vWLPI8cgKFcQXl0NBgYYEqVnT1i6/So7OjMpsI540oD7p93r3w6fDSyPvwkTepG05F69/7AViX2lXg=="
    },
    "csv-stringify": {
      "version": "5.5.1",
      "resolved": "https://registry.npmjs.org/csv-stringify/-/csv-stringify-5.5.1.tgz",
      "integrity": "sha512-HM0/86Ks8OwFbaYLd495tqTs1NhscZL52dC4ieKYumy8+nawQYC0xZ63w1NqLf0M148T2YLYqowoImc1giPn0g=="
    },
    "long": {
      "version": "2.4.0",
      "resolved": "https://registry.npmjs.org/long/-/long-2.4.0.tgz",
      "integrity": "sha1-n6GAux2VAM3CnEFWdmoZleH0Uk8="
    },
    "mixme": {
      "version": "0.3.5",
      "resolved": "https://registry.npmjs.org/mixme/-/mixme-0.3.5.tgz",
      "integrity": "sha512-SyV9uPETRig5ZmYev0ANfiGeB+g6N2EnqqEfBbCGmmJ6MgZ3E4qv5aPbnHVdZ60KAHHXV+T3sXopdrnIXQdmjQ=="
    },
    "stream-transform": {
      "version": "2.0.2",
      "resolved": "https://registry.npmjs.org/stream-transform/-/stream-transform-2.0.2.tgz",
      "integrity": "sha512-J+D5jWPF/1oX+r9ZaZvEXFbu7znjxSkbNAHJ9L44bt/tCVuOEWZlDqU9qJk7N2xBU1S+K2DPpSKeR/MucmCA1Q==",
      "requires": {
        "mixme": "^0.3.1"
      }
    }
  }
}
